
Microsoft Visual Studio Solution File, Format Version 12.00
# Visual Studio Version 16
VisualStudioVersion = 16.0.32901.82
MinimumVisualStudioVersion = 10.0.40219.1
Project("{FAE04EC0-301F-11D3-BF4B-00C04F79EFBC}") = "PasswordGenerator", "PasswordGenerator\PasswordGenerator.csproj", "{836C294C-03DA-4AC8-AA01-832B50C4FA12}"
EndProject
Global
	GlobalSection(SolutionConfigurationPlatforms) = preSolution
		Debug|Any CPU = Debug|Any CPU
		Release|Any CPU = Release|Any CPU
	EndGlobalSection
	GlobalSection(ProjectConfigurationPlatforms) = postSolution
		{836C294C-03DA-4AC8-AA01-832B50C4FA12}.Debug|Any CPU.ActiveCfg = Debug|Any CPU
		{836C294C-03DA-4AC8-AA01-832B50C4FA12}.Debug|Any CPU.Build.0 = Debug|Any CPU
		{836C294C-03DA-4AC8-AA01-832B50C4FA12}.Release|Any CPU.ActiveCfg = Release|Any CPU
		{836C294C-03DA-4AC8-AA01-832B50C4FA12}.Release|Any CPU.Build.0 = Release|Any CPU
	EndGlobalSection
	GlobalSection(SolutionProperties) = preSolution
		HideSolutionNode = FALSE
	EndGlobalSection
	GlobalSection(ExtensibilityGlobals) = postSolution
		SolutionGuid = {CFA79322-B4D1-4A70-9E71-531F9C65644F}
	EndGlobalSection
EndGlobal
